
Microsoft Visual Studio Solution File, Format Version 12.00
# Visual Studio 15
VisualStudioVersion = 15.0.28307.102
MinimumVisualStudioVersion = 10.0.40219.1
Project("{FAE04EC0-301F-11D3-BF4B-00C04F79EFBC}") = "MovieAPI", "MovieAPI\MovieAPI.csproj", "{0D9CDDD4-7306-4449-8174-6C42FA03E5BE}"
EndProject
Global
	GlobalSection(SolutionConfigurationPlatforms) = preSolution
		Debug|Any CPU = Debug|Any CPU
		Release|Any CPU = Release|Any CPU
	EndGlobalSection
	GlobalSection(ProjectConfigurationPlatforms) = postSolution
		{0D9CDDD4-7306-4449-8174-6C42FA03E5BE}.Debug|Any CPU.ActiveCfg = Debug|Any CPU
		{0D9CDDD4-7306-4449-8174-6C42FA03E5BE}.Debug|Any CPU.Build.0 = Debug|Any CPU
		{0D9CDDD4-7306-4449-8174-6C42FA03E5BE}.Release|Any CPU.ActiveCfg = Release|Any CPU
		{0D9CDDD4-7306-4449-8174-6C42FA03E5BE}.Release|Any CPU.Build.0 = Release|Any CPU
	EndGlobalSection
	GlobalSection(SolutionProperties) = preSolution
		HideSolutionNode = FALSE
	EndGlobalSection
	GlobalSection(ExtensibilityGlobals) = postSolution
		SolutionGuid = {805F653D-FA55-4040-A699-6A6D735D0CE3}
	EndGlobalSection
EndGlobal
